
Microsoft Visual Studio Solution File, Format Version 12.00
# Visual Studio Version 17
VisualStudioVersion = 17.14.37301.10
MinimumVisualStudioVersion = 10.0.40219.1
Project("{FAE04EC0-301F-11D3-BF4B-00C04F79EFBC}") = "UserSafetyAPI", "UserSafety\UserSafetyAPI.csproj", "{F9F604B4-AC66-4988-A8BF-A63C0D708698}"
EndProject
Project("{FAE04EC0-301F-11D3-BF4B-00C04F79EFBC}") = "UserSafetyWeb", "UserSafetyWeb\UserSafetyWeb.csproj", "{620646F3-1E64-4A14-9C35-F300CD6209A6}"
EndProject
Global
	GlobalSection(SolutionConfigurationPlatforms) = preSolution
		Debug|Any CPU = Debug|Any CPU
		Release|Any CPU = Release|Any CPU
	EndGlobalSection
	GlobalSection(ProjectConfigurationPlatforms) = postSolution
		{F9F604B4-AC66-4988-A8BF-A63C0D708698}.Debug|Any CPU.ActiveCfg = Debug|Any CPU
		{F9F604B4-AC66-4988-A8BF-A63C0D708698}.Debug|Any CPU.Build.0 = Debug|Any CPU
		{F9F604B4-AC66-4988-A8BF-A63C0D708698}.Release|Any CPU.ActiveCfg = Release|Any CPU
		{F9F604B4-AC66-4988-A8BF-A63C0D708698}.Release|Any CPU.Build.0 = Release|Any CPU
		{620646F3-1E64-4A14-9C35-F300CD6209A6}.Debug|Any CPU.ActiveCfg = Debug|Any CPU
		{620646F3-1E64-4A14-9C35-F300CD6209A6}.Debug|Any CPU.Build.0 = Debug|Any CPU
		{620646F3-1E64-4A14-9C35-F300CD6209A6}.Release|Any CPU.ActiveCfg = Release|Any CPU
		{620646F3-1E64-4A14-9C35-F300CD6209A6}.Release|Any CPU.Build.0 = Release|Any CPU
	EndGlobalSection
	GlobalSection(SolutionProperties) = preSolution
		HideSolutionNode = FALSE
	EndGlobalSection
	GlobalSection(ExtensibilityGlobals) = postSolution
		SolutionGuid = {D83724E4-9E6D-4D26-B8B0-F5477DDD7A97}
	EndGlobalSection
EndGlobal
